
Microsoft Visual Studio Solution File, Format Version 12.00
# Visual Studio 15
VisualStudioVersion = 15.0.28307.489
MinimumVisualStudioVersion = 10.0.40219.1
Project("{FAE04EC0-301F-11D3-BF4B-00C04F79EFBC}") = "a100pyta.Android", "a100pyta\a100pyta.Android\a100pyta.Android.csproj", "{6CF6587B-0CFD-4770-811A-FB89BA53B41C}"
EndProject
Project("{FAE04EC0-301F-11D3-BF4B-00C04F79EFBC}") = "a100pyta.iOS", "a100pyta\a100pyta.iOS\a100pyta.iOS.csproj", "{3CEC9968-4588-4BB6-BFA5-21082C4B0831}"
EndProject
Project("{FAE04EC0-301F-11D3-BF4B-00C04F79EFBC}") = "a100pyta", "a100pyta\a100pyta\a100pyta.csproj", "{CCD1B21D-A7A2-45C6-8B75-25D5700C3C64}"
EndProject
Global
	GlobalSection(SolutionConfigurationPlatforms) = preSolution
		Ad-Hoc|Any CPU = Ad-Hoc|Any CPU
		Ad-Hoc|iPhone = Ad-Hoc|iPhone
		Ad-Hoc|iPhoneSimulator = Ad-Hoc|iPhoneSimulator
		AppStore|Any CPU = AppStore|Any CPU
		AppStore|iPhone = AppStore|iPhone
		AppStore|iPhoneSimulator = AppStore|iPhoneSimulator
		Debug|Any CPU = Debug|Any CPU
		Debug|iPhone = Debug|iPhone
		Debug|iPhoneSimulator = Debug|iPhoneSimulator
		Release|Any CPU = Release|Any CPU
		Release|iPhone = Release|iPhone
		Release|iPhoneSimulator = Release|iPhoneSimulator
	EndGlobalSection
	GlobalSection(ProjectConfigurationPlatforms) = postSolution
		{6CF6587B-0CFD-4770-811A-FB89BA53B41C}.Ad-Hoc|Any CPU.ActiveCfg = Release|Any CPU
		{6CF6587B-0CFD-4770-811A-FB89BA53B41C}.Ad-Hoc|Any CPU.Build.0 = Release|Any CPU
		{6CF6587B-0CFD-4770-811A-FB89BA53B41C}.Ad-Hoc|Any CPU.Deploy.0 = Release|Any CPU
		{6CF6587B-0CFD-4770-811A-FB89BA53B41C}.Ad-Hoc|iPhone.ActiveCfg = Release|Any CPU
		{6CF6587B-0CFD-4770-811A-FB89BA53B41C}.Ad-Hoc|iPhone.Build.0 = Release|Any CPU
		{6CF6587B-0CFD-4770-811A-FB89BA53B41C}.Ad-Hoc|iPhone.Deploy.0 = Release|Any CPU
		{6CF6587B-0CFD-4770-811A-FB89BA53B41C}.Ad-Hoc|iPhoneSimulator.ActiveCfg = Release|Any CPU
		{6CF6587B-0CFD-4770-811A-FB89BA53B41C}.Ad-Hoc|iPhoneSimulator.Build.0 = Release|Any CPU
		{6CF6587B-0CFD-4770-811A-FB89BA53B41C}.Ad-Hoc|iPhoneSimulator.Deploy.0 = Release|Any CPU
		{6CF6587B-0CFD-4770-811A-FB89BA53B41C}.AppStore|Any CPU.ActiveCfg = Release|Any CPU
		{6CF6587B-0CFD-4770-811A-FB89BA53B41C}.AppStore|Any CPU.Build.0 = Release|Any CPU
		{6CF6587B-0CFD-4770-811A-FB89BA53B41C}.AppStore|Any CPU.Deploy.0 = Release|Any CPU
		{6CF6587B-0CFD-4770-811A-FB89BA53B41C}.AppStore|iPhone.ActiveCfg = Release|Any CPU
		{6CF6587B-0CFD-4770-811A-FB89BA53B41C}.AppStore|iPhone.Build.0 = Release|Any CPU
		{6CF6587B-0CFD-4770-811A-FB89BA53B41C}.AppStore|iPhone.Deploy.0 = Release|Any CPU
		{6CF6587B-0CFD-4770-811A-FB89BA53B41C}.AppStore|iPhoneSimulator.ActiveCfg = Release|Any CPU
		{6CF6587B-0CFD-4770-811A-FB89BA53B41C}.AppStore|iPhoneSimulator.Build.0 = Release|Any CPU
		{6CF6587B-0CFD-4770-811A-FB89BA53B41C}.AppStore|iPhoneSimulator.Deploy.0 = Release|Any CPU
		{6CF6587B-0CFD-4770-811A-FB89BA53B41C}.Debug|Any CPU.ActiveCfg = Debug|Any CPU
		{6CF6587B-0CFD-4770-811A-FB89BA53B41C}.Debug|Any CPU.Build.0 = Debug|Any CPU
		{6CF6587B-0CFD-4770-811A-FB89BA53B41C}.Debug|Any CPU.Deploy.0 = Debug|Any CPU
		{6CF6587B-0CFD-4770-811A-FB89BA53B41C}.Debug|iPhone.ActiveCfg = Debug|Any CPU
		{6CF6587B-0CFD-4770-811A-FB89BA53B41C}.Debug|iPhone.Build.0 = Debug|Any CPU
		{6CF6587B-0CFD-4770-811A-FB89BA53B41C}.Debug|iPhone.Deploy.0 = Debug|Any CPU
		{6CF6587B-0CFD-4770-811A-FB89BA53B41C}.Debug|iPhoneSimulator.ActiveCfg = Debug|Any CPU
		{6CF6587B-0CFD-4770-811A-FB89BA53B41C}.Debug|iPhoneSimulator.Build.0 = Debug|Any CPU
		{6CF6587B-0CFD-4770-811A-FB89BA53B41C}.Debug|iPhoneSimulator.Deploy.0 = Debug|Any CPU
		{6CF6587B-0CFD-4770-811A-FB89BA53B41C}.Release|Any CPU.ActiveCfg = Release|Any CPU
		{6CF6587B-0CFD-4770-811A-FB89BA53B41C}.Release|Any CPU.Build.0 = Release|Any CPU
		{6CF6587B-0CFD-4770-811A-FB89BA53B41C}.Release|Any CPU.Deploy.0 = Release|Any CPU
		{6CF6587B-0CFD-4770-811A-FB89BA53B41C}.Release|iPhone.ActiveCfg = Release|Any CPU
		{6CF6587B-0CFD-4770-811A-FB89BA53B41C}.Release|iPhone.Build.0 = Release|Any CPU
		{6CF6587B-0CFD-4770-811A-FB89BA53B41C}.Release|iPhone.Deploy.0 = Release|Any CPU
		{6CF6587B-0CFD-4770-811A-FB89BA53B41C}.Release|iPhoneSimulator.ActiveCfg = Release|Any CPU
		{6CF6587B-0CFD-4770-811A-FB89BA53B41C}.Release|iPhoneSimulator.Build.0 = Release|Any CPU
		{6CF6587B-0CFD-4770-811A-FB89BA53B41C}.Release|iPhoneSimulator.Deploy.0 = Release|Any CPU
		{3CEC9968-4588-4BB6-BFA5-21082C4B0831}.Ad-Hoc|Any CPU.ActiveCfg = Ad-Hoc|iPhone
		{3CEC9968-4588-4BB6-BFA5-21082C4B0831}.Ad-Hoc|Any CPU.Build.0 = Ad-Hoc|iPhone
		{3CEC9968-4588-4BB6-BFA5-21082C4B0831}.Ad-Hoc|Any CPU.Deploy.0 = Ad-Hoc|iPhone
		{3CEC9968-4588-4BB6-BFA5-21082C4B0831}.Ad-Hoc|iPhone.ActiveCfg = Ad-Hoc|iPhone
		{3CEC9968-4588-4BB6-BFA5-21082C4B0831}.Ad-Hoc|iPhone.Build.0 = Ad-Hoc|iPhone
		{3CEC9968-4588-4BB6-BFA5-21082C4B0831}.Ad-Hoc|iPhone.Deploy.0 = Ad-Hoc|iPhone
		{3CEC9968-4588-4BB6-BFA5-21082C4B0831}.Ad-Hoc|iPhoneSimulator.ActiveCfg = Ad-Hoc|iPhoneSimulator
		{3CEC9968-4588-4BB6-BFA5-21082C4B0831}.Ad-Hoc|iPhoneSimulator.Build.0 = Ad-Hoc|iPhoneSimulator
		{3CEC9968-4588-4BB6-BFA5-21082C4B0831}.Ad-Hoc|iPhoneSimulator.Deploy.0 = Ad-Hoc|iPhoneSimulator
		{3CEC9968-4588-4BB6-BFA5-21082C4B0831}.AppStore|Any CPU.ActiveCfg = AppStore|iPhone
		{3CEC9968-4588-4BB6-BFA5-21082C4B0831}.AppStore|Any CPU.Build.0 = AppStore|iPhone
		{3CEC9968-4588-4BB6-BFA5-21082C4B0831}.AppStore|Any CPU.Deploy.0 = AppStore|iPhone
		{3CEC9968-4588-4BB6-BFA5-21082C4B0831}.AppStore|iPhone.ActiveCfg = AppStore|iPhone
		{3CEC9968-4588-4BB6-BFA5-21082C4B0831}.AppStore|iPhone.Build.0 = AppStore|iPhone
		{3CEC9968-4588-4BB6-BFA5-21082C4B0831}.AppStore|iPhone.Deploy.0 = AppStore|iPhone
		{3CEC9968-4588-4BB6-BFA5-21082C4B0831}.AppStore|iPhoneSimulator.ActiveCfg = AppStore|iPhoneSimulator
		{3CEC9968-4588-4BB6-BFA5-21082C4B0831}.AppStore|iPhoneSimulator.Build.0 = AppStore|iPhoneSimulator
		{3CEC9968-4588-4BB6-BFA5-21082C4B0831}.AppStore|iPhoneSimulator.Deploy.0 = AppStore|iPhoneSimulator
		{3CEC9968-4588-4BB6-BFA5-21082C4B0831}.Debug|Any CPU.ActiveCfg = Debug|iPhoneSimulator
		{3CEC9968-4588-4BB6-BFA5-21082C4B0831}.Debug|Any CPU.Build.0 = Debug|iPhoneSimulator
		{3CEC9968-4588-4BB6-BFA5-21082C4B0831}.Debug|Any CPU.Deploy.0 = Debug|iPhoneSimulator
		{3CEC9968-4588-4BB6-BFA5-21082C4B0831}.Debug|iPhone.ActiveCfg = Debug|iPhone
		{3CEC9968-4588-4BB6-BFA5-21082C4B0831}.Debug|iPhone.Build.0 = Debug|iPhone
		{3CEC9968-4588-4BB6-BFA5-21082C4B0831}.Debug|iPhone.Deploy.0 = Debug|iPhone
		{3CEC9968-4588-4BB6-BFA5-21082C4B0831}.Debug|iPhoneSimulator.ActiveCfg = Debug|iPhoneSimulator
		{3CEC9968-4588-4BB6-BFA5-21082C4B0831}.Debug|iPhoneSimulator.Build.0 = Debug|iPhoneSimulator
		{3CEC9968-4588-4BB6-BFA5-21082C4B0831}.Debug|iPhoneSimulator.Deploy.0 = Debug|iPhoneSimulator
		{3CEC9968-4588-4BB6-BFA5-21082C4B0831}.Release|Any CPU.ActiveCfg = Release|iPhone
		{3CEC9968-4588-4BB6-BFA5-21082C4B0831}.Release|Any CPU.Build.0 = Release|iPhone
		{3CEC9968-4588-4BB6-BFA5-21082C4B0831}.Release|Any CPU.Deploy.0 = Release|iPhone
		{3CEC9968-4588-4BB6-BFA5-21082C4B0831}.Release|iPhone.ActiveCfg = Release|iPhone
		{3CEC9968-4588-4BB6-BFA5-21082C4B0831}.Release|iPhone.Build.0 = Release|iPhone
		{3CEC9968-4588-4BB6-BFA5-21082C4B0831}.Release|iPhone.Deploy.0 = Release|iPhone
		{3CEC9968-4588-4BB6-BFA5-21082C4B0831}.Release|iPhoneSimulator.ActiveCfg = Release|iPhoneSimulator
		{3CEC9968-4588-4BB6-BFA5-21082C4B0831}.Release|iPhoneSimulator.Build.0 = Release|iPhoneSimulator
		{3CEC9968-4588-4BB6-BFA5-21082C4B0831}.Release|iPhoneSimulator.Deploy.0 = Release|iPhoneSimulator
		{CCD1B21D-A7A2-45C6-8B75-25D5700C3C64}.Ad-Hoc|Any CPU.ActiveCfg = Debug|Any CPU
		{CCD1B21D-A7A2-45C6-8B75-25D5700C3C64}.Ad-Hoc|Any CPU.Build.0 = Debug|Any CPU
		{CCD1B21D-A7A2-45C6-8B75-25D5700C3C64}.Ad-Hoc|Any CPU.Deploy.0 = Debug|Any CPU
		{CCD1B21D-A7A2-45C6-8B75-25D5700C3C64}.Ad-Hoc|iPhone.ActiveCfg = Debug|Any CPU
		{CCD1B21D-A7A2-45C6-8B75-25D5700C3C64}.Ad-Hoc|iPhone.Build.0 = Debug|Any CPU
		{CCD1B21D-A7A2-45C6-8B75-25D5700C3C64}.Ad-Hoc|iPhone.Deploy.0 = Debug|Any CPU
		{CCD1B21D-A7A2-45C6-8B75-25D5700C3C64}.Ad-Hoc|iPhoneSimulator.ActiveCfg = Debug|Any CPU
		{CCD1B21D-A7A2-45C6-8B75-25D5700C3C64}.Ad-Hoc|iPhoneSimulator.Build.0 = Debug|Any CPU
		{CCD1B21D-A7A2-45C6-8B75-25D5700C3C64}.Ad-Hoc|iPhoneSimulator.Deploy.0 = Debug|Any CPU
		{CCD1B21D-A7A2-45C6-8B75-25D5700C3C64}.AppStore|Any CPU.ActiveCfg = Debug|Any CPU
		{CCD1B21D-A7A2-45C6-8B75-25D5700C3C64}.AppStore|Any CPU.Build.0 = Debug|Any CPU
		{CCD1B21D-A7A2-45C6-8B75-25D5700C3C64}.AppStore|Any CPU.Deploy.0 = Debug|Any CPU
		{CCD1B21D-A7A2-45C6-8B75-25D5700C3C64}.AppStore|iPhone.ActiveCfg = Debug|Any CPU
		{CCD1B21D-A7A2-45C6-8B75-25D5700C3C64}.AppStore|iPhone.Build.0 = Debug|Any CPU
		{CCD1B21D-A7A2-45C6-8B75-25D5700C3C64}.AppStore|iPhone.Deploy.0 = Debug|Any CPU
		{CCD1B21D-A7A2-45C6-8B75-25D5700C3C64}.AppStore|iPhoneSimulator.ActiveCfg = Debug|Any CPU
		{CCD1B21D-A7A2-45C6-8B75-25D5700C3C64}.AppStore|iPhoneSimulator.Build.0 = Debug|Any CPU
		{CCD1B21D-A7A2-45C6-8B75-25D5700C3C64}.AppStore|iPhoneSimulator.Deploy.0 = Debug|Any CPU
		{CCD1B21D-A7A2-45C6-8B75-25D5700C3C64}.Debug|Any CPU.ActiveCfg = Debug|Any CPU
		{CCD1B21D-A7A2-45C6-8B75-25D5700C3C64}.Debug|Any CPU.Build.0 = Debug|Any CPU
		{CCD1B21D-A7A2-45C6-8B75-25D5700C3C64}.Debug|Any CPU.Deploy.0 = Debug|Any CPU
		{CCD1B21D-A7A2-45C6-8B75-25D5700C3C64}.Debug|iPhone.ActiveCfg = Debug|Any CPU
		{CCD1B21D-A7A2-45C6-8B75-25D5700C3C64}.Debug|iPhone.Build.0 = Debug|Any CPU
		{CCD1B21D-A7A2-45C6-8B75-25D5700C3C64}.Debug|iPhone.Deploy.0 = Debug|Any CPU
		{CCD1B21D-A7A2-45C6-8B75-25D5700C3C64}.Debug|iPhoneSimulator.ActiveCfg = Debug|Any CPU
		{CCD1B21D-A7A2-45C6-8B75-25D5700C3C64}.Debug|iPhoneSimulator.Build.0 = Debug|Any CPU
		{CCD1B21D-A7A2-45C6-8B75-25D5700C3C64}.Debug|iPhoneSimulator.Deploy.0 = Debug|Any CPU
		{CCD1B21D-A7A2-45C6-8B75-25D5700C3C64}.Release|Any CPU.ActiveCfg = Release|Any CPU
		{CCD1B21D-A7A2-45C6-8B75-25D5700C3C64}.Release|Any CPU.Build.0 = Release|Any CPU
		{CCD1B21D-A7A2-45C6-8B75-25D5700C3C64}.Release|Any CPU.Deploy.0 = Release|Any CPU
		{CCD1B21D-A7A2-45C6-8B75-25D5700C3C64}.Release|iPhone.ActiveCfg = Release|Any CPU
		{CCD1B21D-A7A2-45C6-8B75-25D5700C3C64}.Release|iPhone.Build.0 = Release|Any CPU
		{CCD1B21D-A7A2-45C6-8B75-25D5700C3C64}.Release|iPhone.Deploy.0 = Release|Any CPU
		{CCD1B21D-A7A2-45C6-8B75-25D5700C3C64}.Release|iPhoneSimulator.ActiveCfg = Release|Any CPU
		{CCD1B21D-A7A2-45C6-8B75-25D5700C3C64}.Release|iPhoneSimulator.Build.0 = Release|Any CPU
		{CCD1B21D-A7A2-45C6-8B75-25D5700C3C64}.Release|iPhoneSimulator.Deploy.0 = Release|Any CPU
	EndGlobalSection
	GlobalSection(SolutionProperties) = preSolution
		HideSolutionNode = FALSE
	EndGlobalSection
	GlobalSection(ExtensibilityGlobals) = postSolution
		SolutionGuid = {A734355E-F982-4613-A328-EAB173D81CD8}
	EndGlobalSection
EndGlobal
